
Microsoft Visual Studio Solution File, Format Version 12.00
# Visual Studio Version 18
VisualStudioVersion = 18.6.11716.218 insiders
MinimumVisualStudioVersion = 10.0.40219.1
Project("{2150E333-8FDC-42A3-9474-1A3956D46DE8}") = "Solution Items", "Solution Items", "{0FDF2877-F8FD-4B06-8390-BD86BAA924EF}"
	ProjectSection(SolutionItems) = preProject
		.editorconfig = .editorconfig
	EndProjectSection
EndProject
Project("{FAE04EC0-301F-11D3-BF4B-00C04F79EFBC}") = "Pure.Diagram.RelationalModel.Abstractions.Serialization.System", "Pure.Diagram.RelationalModel.Abstractions.Serialization.System\Pure.Diagram.RelationalModel.Abstractions.Serialization.System.csproj", "{D5F5A086-E1FA-6909-B497-28D6E0984B42}"
EndProject
Project("{2150E333-8FDC-42A3-9474-1A3956D46DE8}") = "Tests", "Tests", "{1BE7D6F3-0422-4ACC-88A7-EEF4E774EB7D}"
EndProject
Project("{FAE04EC0-301F-11D3-BF4B-00C04F79EFBC}") = "Pure.Diagram.RelationalModel.Abstractions.Serialization.System.Tests", "Tests\Pure.Diagram.RelationalModel.Abstractions.Serialization.System.Tests\Pure.Diagram.RelationalModel.Abstractions.Serialization.System.Tests.csproj", "{35FF6AFD-C93D-6CF0-0228-7B0E3E0EE4A0}"
EndProject
Global
	GlobalSection(SolutionConfigurationPlatforms) = preSolution
		Debug|Any CPU = Debug|Any CPU
		Release|Any CPU = Release|Any CPU
	EndGlobalSection
	GlobalSection(ProjectConfigurationPlatforms) = postSolution
		{D5F5A086-E1FA-6909-B497-28D6E0984B42}.Debug|Any CPU.ActiveCfg = Debug|Any CPU
		{D5F5A086-E1FA-6909-B497-28D6E0984B42}.Debug|Any CPU.Build.0 = Debug|Any CPU
		{D5F5A086-E1FA-6909-B497-28D6E0984B42}.Release|Any CPU.ActiveCfg = Release|Any CPU
		{D5F5A086-E1FA-6909-B497-28D6E0984B42}.Release|Any CPU.Build.0 = Release|Any CPU
		{35FF6AFD-C93D-6CF0-0228-7B0E3E0EE4A0}.Debug|Any CPU.ActiveCfg = Debug|Any CPU
		{35FF6AFD-C93D-6CF0-0228-7B0E3E0EE4A0}.Debug|Any CPU.Build.0 = Debug|Any CPU
		{35FF6AFD-C93D-6CF0-0228-7B0E3E0EE4A0}.Release|Any CPU.ActiveCfg = Release|Any CPU
		{35FF6AFD-C93D-6CF0-0228-7B0E3E0EE4A0}.Release|Any CPU.Build.0 = Release|Any CPU
	EndGlobalSection
	GlobalSection(SolutionProperties) = preSolution
		HideSolutionNode = FALSE
	EndGlobalSection
	GlobalSection(NestedProjects) = preSolution
		{35FF6AFD-C93D-6CF0-0228-7B0E3E0EE4A0} = {1BE7D6F3-0422-4ACC-88A7-EEF4E774EB7D}
	EndGlobalSection
	GlobalSection(ExtensibilityGlobals) = postSolution
		SolutionGuid = {6CF44D8B-3187-44BD-B551-D8A304EC06C7}
	EndGlobalSection
EndGlobal
